
Microsoft Visual Studio Solution File, Format Version 11.00
# Visual Studio 2010
Project("{FAE04EC0-301F-11D3-BF4B-00C04F79EFBC}") = "Lisa.Zuma.BlueJay.IOS.Views", "Lisa.Zuma.BlueJay.IOS.Views\Lisa.Zuma.BlueJay.IOS.Views.csproj", "{EC12A1E5-641A-407E-9669-25D16E30B36A}"
EndProject
Global
	GlobalSection(SolutionConfigurationPlatforms) = preSolution
		Debug|iPhoneSimulator = Debug|iPhoneSimulator
		Release|iPhoneSimulator = Release|iPhoneSimulator
		Debug|iPhone = Debug|iPhone
		Release|iPhone = Release|iPhone
		Ad-Hoc|iPhone = Ad-Hoc|iPhone
		AppStore|iPhone = AppStore|iPhone
	EndGlobalSection
	GlobalSection(ProjectConfigurationPlatforms) = postSolution
		{EC12A1E5-641A-407E-9669-25D16E30B36A}.Ad-Hoc|iPhone.ActiveCfg = Ad-Hoc|iPhone
		{EC12A1E5-641A-407E-9669-25D16E30B36A}.Ad-Hoc|iPhone.Build.0 = Ad-Hoc|iPhone
		{EC12A1E5-641A-407E-9669-25D16E30B36A}.AppStore|iPhone.ActiveCfg = AppStore|iPhone
		{EC12A1E5-641A-407E-9669-25D16E30B36A}.AppStore|iPhone.Build.0 = AppStore|iPhone
		{EC12A1E5-641A-407E-9669-25D16E30B36A}.Debug|iPhone.ActiveCfg = Debug|iPhone
		{EC12A1E5-641A-407E-9669-25D16E30B36A}.Debug|iPhone.Build.0 = Debug|iPhone
		{EC12A1E5-641A-407E-9669-25D16E30B36A}.Debug|iPhoneSimulator.ActiveCfg = Debug|iPhoneSimulator
		{EC12A1E5-641A-407E-9669-25D16E30B36A}.Debug|iPhoneSimulator.Build.0 = Debug|iPhoneSimulator
		{EC12A1E5-641A-407E-9669-25D16E30B36A}.Release|iPhone.ActiveCfg = Release|iPhone
		{EC12A1E5-641A-407E-9669-25D16E30B36A}.Release|iPhone.Build.0 = Release|iPhone
		{EC12A1E5-641A-407E-9669-25D16E30B36A}.Release|iPhoneSimulator.ActiveCfg = Release|iPhoneSimulator
		{EC12A1E5-641A-407E-9669-25D16E30B36A}.Release|iPhoneSimulator.Build.0 = Release|iPhoneSimulator
	EndGlobalSection
	GlobalSection(MonoDevelopProperties) = preSolution
		StartupItem = Lisa.Zuma.BlueJay.IOS.Views\Lisa.Zuma.BlueJay.IOS.Views.csproj
	EndGlobalSection
EndGlobal
