
Microsoft Visual Studio Solution File, Format Version 11.00
# Visual Studio 2010
Project("{FAE04EC0-301F-11D3-BF4B-00C04F79EFBC}") = "Lisa.Zuma.BlueJay.IOS.Views", "Lisa.Zuma.BlueJay.IOS.Views\Lisa.Zuma.BlueJay.IOS.Views.csproj", "{EC12A1E5-641A-407E-9669-25D16E30B36A}"
EndProject
Project("{FAE04EC0-301F-11D3-BF4B-00C04F79EFBC}") = "Lisa.Zuma.BlueJay.IOS.Models", "Lisa.Zuma.BlueJay.IOS.Models\Lisa.Zuma.BlueJay.IOS.Models.csproj", "{EAF0DD6F-2195-49C8-88DA-268C2B29B2AF}"
EndProject
Project("{FAE04EC0-301F-11D3-BF4B-00C04F79EFBC}") = "Lisa.Zuma.BlueJay.IOS.Data", "Lisa.Zuma.BlueJay.IOS.Data\Lisa.Zuma.BlueJay.IOS.Data.csproj", "{EE19DC88-2470-4D71-8D0D-962BFA5D86B4}"
EndProject
Global
	GlobalSection(SolutionConfigurationPlatforms) = preSolution
		Debug|iPhoneSimulator = Debug|iPhoneSimulator
		Release|iPhoneSimulator = Release|iPhoneSimulator
		Debug|iPhone = Debug|iPhone
		Release|iPhone = Release|iPhone
		Ad-Hoc|iPhone = Ad-Hoc|iPhone
		AppStore|iPhone = AppStore|iPhone
	EndGlobalSection
	GlobalSection(ProjectConfigurationPlatforms) = postSolution
		{EAF0DD6F-2195-49C8-88DA-268C2B29B2AF}.Ad-Hoc|iPhone.ActiveCfg = Release|Any CPU
		{EAF0DD6F-2195-49C8-88DA-268C2B29B2AF}.Ad-Hoc|iPhone.Build.0 = Release|Any CPU
		{EAF0DD6F-2195-49C8-88DA-268C2B29B2AF}.AppStore|iPhone.ActiveCfg = Release|Any CPU
		{EAF0DD6F-2195-49C8-88DA-268C2B29B2AF}.AppStore|iPhone.Build.0 = Release|Any CPU
		{EAF0DD6F-2195-49C8-88DA-268C2B29B2AF}.Debug|iPhone.ActiveCfg = Debug|Any CPU
		{EAF0DD6F-2195-49C8-88DA-268C2B29B2AF}.Debug|iPhone.Build.0 = Debug|Any CPU
		{EAF0DD6F-2195-49C8-88DA-268C2B29B2AF}.Debug|iPhoneSimulator.ActiveCfg = Debug|Any CPU
		{EAF0DD6F-2195-49C8-88DA-268C2B29B2AF}.Debug|iPhoneSimulator.Build.0 = Debug|Any CPU
		{EAF0DD6F-2195-49C8-88DA-268C2B29B2AF}.Release|iPhone.ActiveCfg = Release|Any CPU
		{EAF0DD6F-2195-49C8-88DA-268C2B29B2AF}.Release|iPhone.Build.0 = Release|Any CPU
		{EAF0DD6F-2195-49C8-88DA-268C2B29B2AF}.Release|iPhoneSimulator.ActiveCfg = Release|Any CPU
		{EAF0DD6F-2195-49C8-88DA-268C2B29B2AF}.Release|iPhoneSimulator.Build.0 = Release|Any CPU
		{EC12A1E5-641A-407E-9669-25D16E30B36A}.Ad-Hoc|iPhone.ActiveCfg = Ad-Hoc|iPhone
		{EC12A1E5-641A-407E-9669-25D16E30B36A}.Ad-Hoc|iPhone.Build.0 = Ad-Hoc|iPhone
		{EC12A1E5-641A-407E-9669-25D16E30B36A}.AppStore|iPhone.ActiveCfg = AppStore|iPhone
		{EC12A1E5-641A-407E-9669-25D16E30B36A}.AppStore|iPhone.Build.0 = AppStore|iPhone
		{EC12A1E5-641A-407E-9669-25D16E30B36A}.Debug|iPhone.ActiveCfg = Debug|iPhone
		{EC12A1E5-641A-407E-9669-25D16E30B36A}.Debug|iPhone.Build.0 = Debug|iPhone
		{EC12A1E5-641A-407E-9669-25D16E30B36A}.Debug|iPhoneSimulator.ActiveCfg = Debug|iPhoneSimulator
		{EC12A1E5-641A-407E-9669-25D16E30B36A}.Debug|iPhoneSimulator.Build.0 = Debug|iPhoneSimulator
		{EC12A1E5-641A-407E-9669-25D16E30B36A}.Release|iPhone.ActiveCfg = Release|iPhone
		{EC12A1E5-641A-407E-9669-25D16E30B36A}.Release|iPhone.Build.0 = Release|iPhone
		{EC12A1E5-641A-407E-9669-25D16E30B36A}.Release|iPhoneSimulator.ActiveCfg = Release|iPhoneSimulator
		{EC12A1E5-641A-407E-9669-25D16E30B36A}.Release|iPhoneSimulator.Build.0 = Release|iPhoneSimulator
		{EE19DC88-2470-4D71-8D0D-962BFA5D86B4}.Ad-Hoc|iPhone.ActiveCfg = Release|Any CPU
		{EE19DC88-2470-4D71-8D0D-962BFA5D86B4}.Ad-Hoc|iPhone.Build.0 = Release|Any CPU
		{EE19DC88-2470-4D71-8D0D-962BFA5D86B4}.AppStore|iPhone.ActiveCfg = Release|Any CPU
		{EE19DC88-2470-4D71-8D0D-962BFA5D86B4}.AppStore|iPhone.Build.0 = Release|Any CPU
		{EE19DC88-2470-4D71-8D0D-962BFA5D86B4}.Debug|iPhone.ActiveCfg = Debug|Any CPU
		{EE19DC88-2470-4D71-8D0D-962BFA5D86B4}.Debug|iPhone.Build.0 = Debug|Any CPU
		{EE19DC88-2470-4D71-8D0D-962BFA5D86B4}.Debug|iPhoneSimulator.ActiveCfg = Debug|Any CPU
		{EE19DC88-2470-4D71-8D0D-962BFA5D86B4}.Debug|iPhoneSimulator.Build.0 = Debug|Any CPU
		{EE19DC88-2470-4D71-8D0D-962BFA5D86B4}.Release|iPhone.ActiveCfg = Release|Any CPU
		{EE19DC88-2470-4D71-8D0D-962BFA5D86B4}.Release|iPhone.Build.0 = Release|Any CPU
		{EE19DC88-2470-4D71-8D0D-962BFA5D86B4}.Release|iPhoneSimulator.ActiveCfg = Release|Any CPU
		{EE19DC88-2470-4D71-8D0D-962BFA5D86B4}.Release|iPhoneSimulator.Build.0 = Release|Any CPU
	EndGlobalSection
	GlobalSection(MonoDevelopProperties) = preSolution
		StartupItem = Lisa.Zuma.BlueJay.IOS\Lisa.Zuma.BlueJay.IOS.Views.csproj
	EndGlobalSection
EndGlobal
